{
  "name": "@junerlee/clear-node-modules",
  "version": "1.0.1",
  "lockfileVersion": 3,
  "requires": true,
  "packages": {
    "": {
      "name": "@junerlee/clear-node-modules",
      "version": "1.0.1",
      "license": "MIT",
      "bin": {
        "clear-node-modules": "bin/index.js"
      }
    }
  }
}
